<?xml version="1.0" encoding="utf-8"?>
<Project ToolsVersion="4.0" xmlns="http://schemas.microsoft.com/developer/msbuild/2003">
  <ItemGroup>
    <Filter Include="Source Files">
      <UniqueIdentifier>{4FC737F1-C7A5-4376-A066-2A32D752A2FF}</UniqueIdentifier>
      <Extensions>cpp;c;cc;cxx;def;odl;idl;hpj;bat;asm;asmx</Extensions>
    </Filter>
    <Filter Include="Header Files">
      <UniqueIdentifier>{93995380-89BD-4b04-88EB-625FBE52EBFB}</UniqueIdentifier>
      <Extensions>h;hh;hpp;hxx;hm;inl;inc;xsd</Extensions>
    </Filter>
    <Filter Include="Resource Files">
      <UniqueIdentifier>{67DA6AB6-F800-4c08-8B7A-83BB121AAD01}</UniqueIdentifier>
      <Extensions>rc;ico;cur;bmp;dlg;rc2;rct;bin;rgs;gif;jpg;jpeg;jpe;resx;tiff;tif;png;wav;mfcribbon-ms</Extensions>
    </Filter>
    <Filter Include="Header Files\Core">
      <UniqueIdentifier>{ee955283-ee29-43de-9043-d817ed5ffbe8}</UniqueIdentifier>
    </Filter>
    <Filter Include="Header Files\Helper">
      <UniqueIdentifier>{b6a94d76-3ff2-49fe-95aa-610dd40540b7}</UniqueIdentifier>
    </Filter>
    <Filter Include="Header Files\Test">
      <UniqueIdentifier>{b0e3e062-f018-430f-aee1-2bc6480a9564}</UniqueIdentifier>
    </Filter>
    <Filter Include="Header Files\Core\Shape">
      <UniqueIdentifier>{6ad30ee2-ab50-4854-baad-b76af595db23}</UniqueIdentifier>
    </Filter>
    <Filter Include="Header Files\Core\Math">
      <UniqueIdentifier>{ad6937b2-66e4-4923-83ea-50c0ea765f84}</UniqueIdentifier>
    </Filter>
    <Filter Include="Header Files\Umino">
      <UniqueIdentifier>{0aebe43f-0f50-4b05-bc00-cd7b4e2c83c0}</UniqueIdentifier>
    </Filter>
    <Filter Include="Header Files\Core\Events">
      <UniqueIdentifier>{c6c11920-1e39-46c9-97a2-bd7d29481998}</UniqueIdentifier>
    </Filter>
    <Filter Include="Header Files\Component">
      <UniqueIdentifier>{dcdfb5fc-921d-40a2-a67b-3f92f6712e66}</UniqueIdentifier>
    </Filter>
    <Filter Include="Header Files\Interface">
      <UniqueIdentifier>{ff5b5fbb-2c4b-43b3-895e-42177b0118eb}</UniqueIdentifier>
    </Filter>
    <Filter Include="Header Files\Manager">
      <UniqueIdentifier>{e91604cb-a265-464f-bf48-9da7ca176964}</UniqueIdentifier>
    </Filter>
    <Filter Include="Header Files\TileMap">
      <UniqueIdentifier>{80242a86-a19b-49b3-87b2-43a8fb8d3f28}</UniqueIdentifier>
    </Filter>
  </ItemGroup>
  <ItemGroup>
    <ClCompile Include="Main.cpp">
      <Filter>Source Files</Filter>
    </ClCompile>
    <ClCompile Include="Window.cpp">
      <Filter>Source Files</Filter>
    </ClCompile>
    <ClCompile Include="D3DManager.cpp">
      <Filter>Source Files</Filter>
    </ClCompile>
    <ClCompile Include="Game.cpp">
      <Filter>Source Files</Filter>
    </ClCompile>
    <ClCompile Include="Debug.cpp">
      <Filter>Source Files</Filter>
    </ClCompile>
    <ClCompile Include="Timer.cpp">
      <Filter>Source Files</Filter>
    </ClCompile>
    <ClCompile Include="Vector3.cpp">
      <Filter>Source Files</Filter>
    </ClCompile>
    <ClCompile Include="GameObject.cpp">
      <Filter>Source Files</Filter>
    </ClCompile>
    <ClCompile Include="Texture.cpp">
      <Filter>Source Files</Filter>
    </ClCompile>
    <ClCompile Include="Helper.cpp">
      <Filter>Source Files</Filter>
    </ClCompile>
    <ClCompile Include="Sprite.cpp">
      <Filter>Source Files</Filter>
    </ClCompile>
    <ClCompile Include="DrawManager.cpp">
      <Filter>Source Files</Filter>
    </ClCompile>
    <ClCompile Include="Vector.cpp">
      <Filter>Source Files</Filter>
    </ClCompile>
    <ClCompile Include="Group.cpp">
      <Filter>Source Files</Filter>
    </ClCompile>
    <ClCompile Include="Add.cpp">
      <Filter>Source Files</Filter>
    </ClCompile>
    <ClCompile Include="Preload.cpp">
      <Filter>Source Files</Filter>
    </ClCompile>
    <ClCompile Include="Cache.cpp">
      <Filter>Source Files</Filter>
    </ClCompile>
    <ClCompile Include="StateManager.cpp">
      <Filter>Source Files</Filter>
    </ClCompile>
    <ClCompile Include="State.cpp">
      <Filter>Source Files</Filter>
    </ClCompile>
    <ClCompile Include="SpriteAnimation.cpp">
      <Filter>Source Files</Filter>
    </ClCompile>
    <ClCompile Include="Animator.cpp">
      <Filter>Source Files</Filter>
    </ClCompile>
    <ClCompile Include="Physics.cpp">
      <Filter>Source Files</Filter>
    </ClCompile>
    <ClCompile Include="Body.cpp">
      <Filter>Source Files</Filter>
    </ClCompile>
    <ClCompile Include="World.cpp">
      <Filter>Source Files</Filter>
    </ClCompile>
    <ClCompile Include="TestState.cpp">
      <Filter>Source Files</Filter>
    </ClCompile>
    <ClCompile Include="Matrix.cpp">
      <Filter>Source Files</Filter>
    </ClCompile>
    <ClCompile Include="Camera.cpp">
      <Filter>Source Files</Filter>
    </ClCompile>
    <ClCompile Include="Rectangle.cpp">
      <Filter>Source Files</Filter>
    </ClCompile>
    <ClCompile Include="Circle.cpp">
      <Filter>Source Files</Filter>
    </ClCompile>
    <ClCompile Include="EventManager.cpp">
      <Filter>Source Files</Filter>
    </ClCompile>
    <ClCompile Include="Events.cpp">
      <Filter>Source Files</Filter>
    </ClCompile>
    <ClCompile Include="DXInput.cpp">
      <Filter>Source Files</Filter>
    </ClCompile>
    <ClCompile Include="ColliderArg.cpp">
      <Filter>Source Files</Filter>
    </ClCompile>
    <ClCompile Include="Input.cpp">
      <Filter>Source Files</Filter>
    </ClCompile>
    <ClCompile Include="Sound.cpp">
      <Filter>Source Files</Filter>
    </ClCompile>
    <ClCompile Include="Text.cpp">
      <Filter>Source Files</Filter>
    </ClCompile>
    <ClCompile Include="PingPongState.cpp">
      <Filter>Source Files</Filter>
    </ClCompile>
    <ClCompile Include="MenuState.cpp">
      <Filter>Source Files</Filter>
    </ClCompile>
    <ClCompile Include="XML.cpp">
      <Filter>Source Files</Filter>
    </ClCompile>
    <ClCompile Include="Font.cpp">
      <Filter>Source Files</Filter>
    </ClCompile>
    <ClCompile Include="SpriteInfo.cpp">
      <Filter>Source Files</Filter>
    </ClCompile>
    <ClCompile Include="TweenManager.cpp">
      <Filter>Source Files</Filter>
    </ClCompile>
    <ClCompile Include="Tween.cpp">
      <Filter>Source Files</Filter>
    </ClCompile>
    <ClCompile Include="Easing.cpp">
      <Filter>Source Files</Filter>
    </ClCompile>
    <ClCompile Include="Box.cpp">
      <Filter>Source Files</Filter>
    </ClCompile>
    <ClCompile Include="NiseVector.cpp">
      <Filter>Source Files</Filter>
    </ClCompile>
    <ClCompile Include="QuadNode.cpp">
      <Filter>Source Files</Filter>
    </ClCompile>
    <ClCompile Include="QuadTree.cpp">
      <Filter>Source Files</Filter>
    </ClCompile>
    <ClCompile Include="Json.cpp">
      <Filter>Source Files</Filter>
    </ClCompile>
    <ClCompile Include="Audio.cpp">
      <Filter>Source Files</Filter>
    </ClCompile>
    <ClCompile Include="IJsonable.cpp">
      <Filter>Source Files</Filter>
    </ClCompile>
    <ClCompile Include="TileMap.cpp">
      <Filter>Source Files</Filter>
    </ClCompile>
    <ClCompile Include="SingleTile.cpp">
      <Filter>Source Files</Filter>
    </ClCompile>
    <ClCompile Include="AnimationTile.cpp">
      <Filter>Source Files</Filter>
    </ClCompile>
    <ClCompile Include="StaticTimer.cpp">
      <Filter>Source Files</Filter>
    </ClCompile>
    <ClCompile Include="TileSet.cpp">
      <Filter>Source Files</Filter>
    </ClCompile>
    <ClCompile Include="StackWalker.cpp">
      <Filter>Source Files</Filter>
    </ClCompile>
  </ItemGroup>
  <ItemGroup>
    <ClInclude Include="Window.h">
      <Filter>Header Files</Filter>
    </ClInclude>
    <ClInclude Include="ConstantEnum.h">
      <Filter>Header Files</Filter>
    </ClInclude>
    <ClInclude Include="Debug.h">
      <Filter>Header Files</Filter>
    </ClInclude>
    <ClInclude Include="GameObject.h">
      <Filter>Header Files\Core</Filter>
    </ClInclude>
    <ClInclude Include="Texture.h">
      <Filter>Header Files\Core</Filter>
    </ClInclude>
    <ClInclude Include="GGObject.h">
      <Filter>Header Files\Core</Filter>
    </ClInclude>
    <ClInclude Include="Helper.h">
      <Filter>Header Files\Helper</Filter>
    </ClInclude>
    <ClInclude Include="IGetGroup.h">
      <Filter>Header Files\Core</Filter>
    </ClInclude>
    <ClInclude Include="Cache.h">
      <Filter>Header Files\Core</Filter>
    </ClInclude>
    <ClInclude Include="TestState.h">
      <Filter>Header Files\Test</Filter>
    </ClInclude>
    <ClInclude Include="Animator.h">
      <Filter>Header Files\Core</Filter>
    </ClInclude>
    <ClInclude Include="Body.h">
      <Filter>Header Files\Core</Filter>
    </ClInclude>
    <ClInclude Include="Shape.h">
      <Filter>Header Files\Core\Shape</Filter>
    </ClInclude>
    <ClInclude Include="Vector.h">
      <Filter>Header Files\Core\Math</Filter>
    </ClInclude>
    <ClInclude Include="Vector3.h">
      <Filter>Header Files\Core\Math</Filter>
    </ClInclude>
    <ClInclude Include="Matrix.h">
      <Filter>Header Files\Core\Math</Filter>
    </ClInclude>
    <ClInclude Include="Rectangle.h">
      <Filter>Header Files\Core\Shape</Filter>
    </ClInclude>
    <ClInclude Include="Circle.h">
      <Filter>Header Files\Core\Shape</Filter>
    </ClInclude>
    <ClInclude Include="EventArg.h">
      <Filter>Header Files\Core\Events</Filter>
    </ClInclude>
    <ClInclude Include="KeyBoardEventArg.h">
      <Filter>Header Files\Core\Events</Filter>
    </ClInclude>
    <ClInclude Include="MouseEventArg.h">
      <Filter>Header Files\Core\Events</Filter>
    </ClInclude>
    <ClInclude Include="ColliderArg.h">
      <Filter>Header Files\Core\Events</Filter>
    </ClInclude>
    <ClInclude Include="Direction.h">
      <Filter>Header Files\Core</Filter>
    </ClInclude>
    <ClInclude Include="DXInput.h">
      <Filter>Header Files\Component</Filter>
    </ClInclude>
    <ClInclude Include="Input.h">
      <Filter>Header Files\Component</Filter>
    </ClInclude>
    <ClInclude Include="Text.h">
      <Filter>Header Files\Component</Filter>
    </ClInclude>
    <ClInclude Include="Sound.h">
      <Filter>Header Files\Component</Filter>
    </ClInclude>
    <ClInclude Include="EventManager.h">
      <Filter>Header Files\Core\Events</Filter>
    </ClInclude>
    <ClInclude Include="Events.h">
      <Filter>Header Files\Core\Events</Filter>
    </ClInclude>
    <ClInclude Include="PingPongState.h">
      <Filter>Header Files\Test</Filter>
    </ClInclude>
    <ClInclude Include="MenuState.h">
      <Filter>Header Files\Test</Filter>
    </ClInclude>
    <ClInclude Include="XML.h">
      <Filter>Header Files\Helper</Filter>
    </ClInclude>
    <ClInclude Include="Font.h">
      <Filter>Header Files\Component</Filter>
    </ClInclude>
    <ClInclude Include="SpriteInfo.h">
      <Filter>Header Files\Core</Filter>
    </ClInclude>
    <ClInclude Include="ggEngine.h">
      <Filter>Header Files</Filter>
    </ClInclude>
    <ClInclude Include="Tween.h">
      <Filter>Header Files\Component</Filter>
    </ClInclude>
    <ClInclude Include="Easing.h">
      <Filter>Header Files\Component</Filter>
    </ClInclude>
    <ClInclude Include="Sprite.h">
      <Filter>Header Files\Component</Filter>
    </ClInclude>
    <ClInclude Include="SpriteAnimation.h">
      <Filter>Header Files\Component</Filter>
    </ClInclude>
    <ClInclude Include="Game.h">
      <Filter>Header Files\Component</Filter>
    </ClInclude>
    <ClInclude Include="World.h">
      <Filter>Header Files\Component</Filter>
    </ClInclude>
    <ClInclude Include="StateManager.h">
      <Filter>Header Files\Manager</Filter>
    </ClInclude>
    <ClInclude Include="DrawManager.h">
      <Filter>Header Files\Manager</Filter>
    </ClInclude>
    <ClInclude Include="D3DManager.h">
      <Filter>Header Files\Manager</Filter>
    </ClInclude>
    <ClInclude Include="Physics.h">
      <Filter>Header Files\Manager</Filter>
    </ClInclude>
    <ClInclude Include="TweenManager.h">
      <Filter>Header Files\Manager</Filter>
    </ClInclude>
    <ClInclude Include="Camera.h">
      <Filter>Header Files\Core</Filter>
    </ClInclude>
    <ClInclude Include="Box.h">
      <Filter>Header Files\Core</Filter>
    </ClInclude>
    <ClInclude Include="Add.h">
      <Filter>Header Files\Manager</Filter>
    </ClInclude>
    <ClInclude Include="Preload.h">
      <Filter>Header Files\Manager</Filter>
    </ClInclude>
    <ClInclude Include="Timer.h">
      <Filter>Header Files\Core</Filter>
    </ClInclude>
    <ClInclude Include="Group.h">
      <Filter>Header Files\Component</Filter>
    </ClInclude>
    <ClInclude Include="State.h">
      <Filter>Header Files\Component</Filter>
    </ClInclude>
    <ClInclude Include="ISerializable.h">
      <Filter>Header Files\Interface</Filter>
    </ClInclude>
    <ClInclude Include="NiseVector.h">
      <Filter>Header Files\Core\Math</Filter>
    </ClInclude>
    <ClInclude Include="QuadTree.h">
      <Filter>Header Files\Core</Filter>
    </ClInclude>
    <ClInclude Include="QuadNode.h">
      <Filter>Header Files\Core</Filter>
    </ClInclude>
    <ClInclude Include="IJsonable.h">
      <Filter>Header Files\Interface</Filter>
    </ClInclude>
    <ClInclude Include="Json.h">
      <Filter>Header Files\Helper</Filter>
    </ClInclude>
    <ClInclude Include="IValueable.h">
      <Filter>Header Files\Interface</Filter>
    </ClInclude>
    <ClInclude Include="Audio.h">
      <Filter>Header Files\Component</Filter>
    </ClInclude>
    <ClInclude Include="TileMap.h">
      <Filter>Header Files\Component</Filter>
    </ClInclude>
    <ClInclude Include="SingleTile.h">
      <Filter>Header Files\Component</Filter>
    </ClInclude>
    <ClInclude Include="AnimationTile.h">
      <Filter>Header Files\Component</Filter>
    </ClInclude>
    <ClInclude Include="StaticTimer.h">
      <Filter>Header Files\Core</Filter>
    </ClInclude>
    <ClInclude Include="TileSet.h">
      <Filter>Header Files\Component</Filter>
    </ClInclude>
    <ClInclude Include="StackWalker.h">
      <Filter>Header Files\Helper</Filter>
    </ClInclude>
    <ClInclude Include="MyStackWalker.h">
      <Filter>Header Files\Helper</Filter>
    </ClInclude>
  </ItemGroup>
  <ItemGroup>
    <Image Include="default.bmp">
      <Filter>Resource Files</Filter>
    </Image>
  </ItemGroup>
</Project>