<?xml version="1.0" encoding="utf-8"?>
<Project ToolsVersion="4.0" xmlns="http://schemas.microsoft.com/developer/msbuild/2003">
  <ItemGroup>
    <Filter Include="Source Files">
      <UniqueIdentifier>{4FC737F1-C7A5-4376-A066-2A32D752A2FF}</UniqueIdentifier>
      <Extensions>cpp;c;cc;cxx;def;odl;idl;hpj;bat;asm;asmx</Extensions>
    </Filter>
    <Filter Include="Header Files">
      <UniqueIdentifier>{93995380-89BD-4b04-88EB-625FBE52EBFB}</UniqueIdentifier>
      <Extensions>h;hh;hpp;hxx;hm;inl;inc;xsd</Extensions>
    </Filter>
    <Filter Include="Resource Files">
      <UniqueIdentifier>{67DA6AB6-F800-4c08-8B7A-83BB121AAD01}</UniqueIdentifier>
      <Extensions>rc;ico;cur;bmp;dlg;rc2;rct;bin;rgs;gif;jpg;jpeg;jpe;resx;tiff;tif;png;wav;mfcribbon-ms</Extensions>
    </Filter>
    <Filter Include="Header Files\State">
      <UniqueIdentifier>{1a340c16-28f4-45ba-85b0-a87979870377}</UniqueIdentifier>
    </Filter>
    <Filter Include="Header Files\Manager">
      <UniqueIdentifier>{9c29aed3-5a20-437a-b122-047c6ccd1244}</UniqueIdentifier>
    </Filter>
    <Filter Include="Header Files\Character">
      <UniqueIdentifier>{e84ba508-ed32-4bb9-8b53-03fbd0746418}</UniqueIdentifier>
    </Filter>
    <Filter Include="Header Files\Object">
      <UniqueIdentifier>{6e189a5b-3293-4563-9176-9ba5b2436a1e}</UniqueIdentifier>
    </Filter>
    <Filter Include="Header Files\Character\Core">
      <UniqueIdentifier>{004e1cd3-428c-4965-9a9c-6ef06cd8b479}</UniqueIdentifier>
    </Filter>
    <Filter Include="Header Files\Object\Weapon">
      <UniqueIdentifier>{9dd8f264-a192-4035-9e92-6acf44d840f1}</UniqueIdentifier>
    </Filter>
    <Filter Include="Header Files\Object\Item">
      <UniqueIdentifier>{7c7c390d-067c-4779-9694-138f5fcd941a}</UniqueIdentifier>
    </Filter>
    <Filter Include="Header Files\Tile">
      <UniqueIdentifier>{4446e93a-cc31-45ff-8b50-9031d042489f}</UniqueIdentifier>
    </Filter>
    <Filter Include="Header Files\Tile\Core">
      <UniqueIdentifier>{bc50013a-f087-443a-a66d-34bf9590a615}</UniqueIdentifier>
    </Filter>
    <Filter Include="Header Files\Constant">
      <UniqueIdentifier>{79cfcbe5-530e-4328-a3b5-5f57e3222e75}</UniqueIdentifier>
    </Filter>
    <Filter Include="Header Files\Core">
      <UniqueIdentifier>{c72b014f-da27-4382-8c12-a0cd0f5c2e44}</UniqueIdentifier>
    </Filter>
    <Filter Include="Header Files\UI">
      <UniqueIdentifier>{446c3ce0-00b7-4996-b569-6b282afbc238}</UniqueIdentifier>
    </Filter>
    <Filter Include="Header Files\Enemy">
      <UniqueIdentifier>{0fbf29dc-071d-4cea-b591-097f128b1ea9}</UniqueIdentifier>
    </Filter>
    <Filter Include="Header Files\Object\Breakable Objects">
      <UniqueIdentifier>{f9d79d63-86fe-4cb7-8682-2337b2dbb41d}</UniqueIdentifier>
    </Filter>
    <Filter Include="Header Files\Enemy\Skill">
      <UniqueIdentifier>{4c4399d8-4d36-4ea1-8675-3057f3b23993}</UniqueIdentifier>
    </Filter>
  </ItemGroup>
  <ItemGroup>
    <Text Include="ReadMe.txt" />
  </ItemGroup>
  <ItemGroup>
    <ClInclude Include="TestStateCastleVania.h">
      <Filter>Header Files\State</Filter>
    </ClInclude>
    <ClInclude Include="CVAdd.h">
      <Filter>Header Files\Manager</Filter>
    </ClInclude>
    <ClInclude Include="CVPreload.h">
      <Filter>Header Files\Manager</Filter>
    </ClInclude>
    <ClInclude Include="CharacterBase.h">
      <Filter>Header Files\Character\Core</Filter>
    </ClInclude>
    <ClInclude Include="Simon.h">
      <Filter>Header Files\Character</Filter>
    </ClInclude>
    <ClInclude Include="TextureConstant.h">
      <Filter>Header Files\Constant</Filter>
    </ClInclude>
    <ClInclude Include="Constant.h">
      <Filter>Header Files\Constant</Filter>
    </ClInclude>
    <ClInclude Include="TypeEnum.h">
      <Filter>Header Files\Constant</Filter>
    </ClInclude>
    <ClInclude Include="CVObject.h">
      <Filter>Header Files\Core</Filter>
    </ClInclude>
    <ClInclude Include="TileBase.h">
      <Filter>Header Files\Tile\Core</Filter>
    </ClInclude>
    <ClInclude Include="StaticTile.h">
      <Filter>Header Files\Tile\Core</Filter>
    </ClInclude>
    <ClInclude Include="CharacterConstant.h">
      <Filter>Header Files\Constant</Filter>
    </ClInclude>
    <ClInclude Include="CVState.h">
      <Filter>Header Files\Core</Filter>
    </ClInclude>
    <ClInclude Include="CVGame.h">
      <Filter>Header Files\Manager</Filter>
    </ClInclude>
    <ClInclude Include="InfoPanel.h">
      <Filter>Header Files\UI</Filter>
    </ClInclude>
    <ClInclude Include="CVSprite.h">
      <Filter>Header Files\Core</Filter>
    </ClInclude>
    <ClInclude Include="CVSpriteAnimation.h">
      <Filter>Header Files\Core</Filter>
    </ClInclude>
    <ClInclude Include="HealthBar.h">
      <Filter>Header Files\UI</Filter>
    </ClInclude>
    <ClInclude Include="IntroState.h">
      <Filter>Header Files\State</Filter>
    </ClInclude>
    <ClInclude Include="resource.h">
      <Filter>Header Files</Filter>
    </ClInclude>
    <ClInclude Include="ItemBase.h">
      <Filter>Header Files\Object\Item</Filter>
    </ClInclude>
    <ClInclude Include="Heart.h">
      <Filter>Header Files\Object\Item</Filter>
    </ClInclude>
    <ClInclude Include="ItemManager.h">
      <Filter>Header Files\Manager</Filter>
    </ClInclude>
    <ClInclude Include="EnemyBase.h">
      <Filter>Header Files\Enemy</Filter>
    </ClInclude>
    <ClInclude Include="HolyWaterItem.h">
      <Filter>Header Files\Object\Item</Filter>
    </ClInclude>
    <ClInclude Include="Cross.h">
      <Filter>Header Files\Object\Item</Filter>
    </ClInclude>
    <ClInclude Include="AxeItem.h">
      <Filter>Header Files\Object\Item</Filter>
    </ClInclude>
    <ClInclude Include="Crown.h">
      <Filter>Header Files\Object\Item</Filter>
    </ClInclude>
    <ClInclude Include="DoubleShot.h">
      <Filter>Header Files\Object\Item</Filter>
    </ClInclude>
    <ClInclude Include="InvinPotion.h">
      <Filter>Header Files\Object\Item</Filter>
    </ClInclude>
    <ClInclude Include="DaggerItem.h">
      <Filter>Header Files\Object\Item</Filter>
    </ClInclude>
    <ClInclude Include="StopWatch.h">
      <Filter>Header Files\Object\Item</Filter>
    </ClInclude>
    <ClInclude Include="WeaponBase.h">
      <Filter>Header Files\Object\Weapon</Filter>
    </ClInclude>
    <ClInclude Include="WeaponManager.h">
      <Filter>Header Files\Manager</Filter>
    </ClInclude>
    <ClInclude Include="WeaponDagger.h">
      <Filter>Header Files\Object\Weapon</Filter>
    </ClInclude>
    <ClInclude Include="WeaponAxe.h">
      <Filter>Header Files\Object\Weapon</Filter>
    </ClInclude>
    <ClInclude Include="WeaponHolyWater.h">
      <Filter>Header Files\Object\Weapon</Filter>
    </ClInclude>
    <ClInclude Include="WeaponBoomerang.h">
      <Filter>Header Files\Object\Weapon</Filter>
    </ClInclude>
    <ClInclude Include="WeaponStopWatch.h">
      <Filter>Header Files\Object\Weapon</Filter>
    </ClInclude>
    <ClInclude Include="WeaponWhip.h">
      <Filter>Header Files\Object\Weapon</Filter>
    </ClInclude>
    <ClInclude Include="Factory.h">
      <Filter>Header Files</Filter>
    </ClInclude>
    <ClInclude Include="TileBrick.h">
      <Filter>Header Files\Tile</Filter>
    </ClInclude>
    <ClInclude Include="StaticTIleManager.h">
      <Filter>Header Files\Manager</Filter>
    </ClInclude>
    <ClInclude Include="CVMap.h">
      <Filter>Header Files</Filter>
    </ClInclude>
    <ClInclude Include="AnimationManager.h">
      <Filter>Header Files\Manager</Filter>
    </ClInclude>
    <ClInclude Include="ManagerBase.h">
      <Filter>Header Files\Manager</Filter>
    </ClInclude>
    <ClInclude Include="MoneyBag100.h">
      <Filter>Header Files\Object\Item</Filter>
    </ClInclude>
    <ClInclude Include="MoneyBag400.h">
      <Filter>Header Files\Object\Item</Filter>
    </ClInclude>
    <ClInclude Include="MoneyBag700.h">
      <Filter>Header Files\Object\Item</Filter>
    </ClInclude>
    <ClInclude Include="MoneyBag1000.h">
      <Filter>Header Files\Object\Item</Filter>
    </ClInclude>
    <ClInclude Include="Stuff.h">
      <Filter>Header Files\Object\Item</Filter>
    </ClInclude>
    <ClInclude Include="BoomerangItem.h">
      <Filter>Header Files\Object\Item</Filter>
    </ClInclude>
    <ClInclude Include="TripleShot.h">
      <Filter>Header Files\Object\Item</Filter>
    </ClInclude>
    <ClInclude Include="HeartLarger.h">
      <Filter>Header Files\Object\Item</Filter>
    </ClInclude>
    <ClInclude Include="WhipUpgradeItem.h">
      <Filter>Header Files\Object\Item</Filter>
    </ClInclude>
    <ClInclude Include="BreakableObjectBase.h">
      <Filter>Header Files\Object\Breakable Objects</Filter>
    </ClInclude>
    <ClInclude Include="Candle.h">
      <Filter>Header Files\Object\Breakable Objects</Filter>
    </ClInclude>
    <ClInclude Include="TileLadder.h">
      <Filter>Header Files\Tile</Filter>
    </ClInclude>
    <ClInclude Include="SimonGroup.h">
      <Filter>Header Files</Filter>
    </ClInclude>
    <ClInclude Include="StateConstant.h">
      <Filter>Header Files\Constant</Filter>
    </ClInclude>
    <ClInclude Include="GameOverScreen.h">
      <Filter>Header Files\UI</Filter>
    </ClInclude>
    <ClInclude Include="CVCamera.h">
      <Filter>Header Files\Manager</Filter>
    </ClInclude>
    <ClInclude Include="CVBlock.h">
      <Filter>Header Files\Core</Filter>
    </ClInclude>
    <ClInclude Include="CVStage.h">
      <Filter>Header Files\Core</Filter>
    </ClInclude>
    <ClInclude Include="Door.h">
      <Filter>Header Files\Tile</Filter>
    </ClInclude>
    <ClInclude Include="BreakableTileBrick.h">
      <Filter>Header Files\Object\Breakable Objects</Filter>
    </ClInclude>
    <ClInclude Include="WalkingEnemyBase.h">
      <Filter>Header Files\Enemy</Filter>
    </ClInclude>
    <ClInclude Include="EnemyManager.h">
      <Filter>Header Files\Manager</Filter>
    </ClInclude>
    <ClInclude Include="EnemyGroup.h">
      <Filter>Header Files\Core</Filter>
    </ClInclude>
    <ClInclude Include="AxeKnight.h">
      <Filter>Header Files\Enemy</Filter>
    </ClInclude>
    <ClInclude Include="TweenEnemyBase.h">
      <Filter>Header Files\Enemy</Filter>
    </ClInclude>
    <ClInclude Include="DropObjectBase.h">
      <Filter>Header Files\Object\Breakable Objects</Filter>
    </ClInclude>
    <ClInclude Include="BatEnemy.h">
      <Filter>Header Files\Enemy</Filter>
    </ClInclude>
    <ClInclude Include="AI6.h">
      <Filter>Header Files\Enemy</Filter>
    </ClInclude>
    <ClInclude Include="CVDebugDefine.h">
      <Filter>Header Files</Filter>
    </ClInclude>
    <ClInclude Include="AI7.h">
      <Filter>Header Files\Enemy</Filter>
    </ClInclude>
    <ClInclude Include="Ghost.h">
      <Filter>Header Files\Enemy</Filter>
    </ClInclude>
    <ClInclude Include="MedusaHead.h">
      <Filter>Header Files\Enemy</Filter>
    </ClInclude>
    <ClInclude Include="BonePillar.h">
      <Filter>Header Files\Enemy</Filter>
    </ClInclude>
    <ClInclude Include="EnemySkillBase.h">
      <Filter>Header Files\Enemy\Skill</Filter>
    </ClInclude>
    <ClInclude Include="EnemySkillFire.h">
      <Filter>Header Files\Enemy\Skill</Filter>
    </ClInclude>
    <ClInclude Include="ShootingEnemyBase.h">
      <Filter>Header Files\Enemy</Filter>
    </ClInclude>
    <ClInclude Include="Medusa.h">
      <Filter>Header Files\Enemy</Filter>
    </ClInclude>
    <ClInclude Include="MedusaSkill.h">
      <Filter>Header Files\Enemy\Skill</Filter>
    </ClInclude>
    <ClInclude Include="Skeleton.h">
      <Filter>Header Files\Enemy</Filter>
    </ClInclude>
    <ClInclude Include="SkeletonSkill.h">
      <Filter>Header Files\Enemy\Skill</Filter>
    </ClInclude>
    <ClInclude Include="AudioConstant.h">
      <Filter>Header Files</Filter>
    </ClInclude>
    <ClInclude Include="CVAudio.h">
      <Filter>Header Files</Filter>
    </ClInclude>
    <ClInclude Include="Raven.h">
      <Filter>Header Files\Enemy</Filter>
    </ClInclude>
    <ClInclude Include="Monkey.h">
      <Filter>Header Files\Enemy</Filter>
    </ClInclude>
    <ClInclude Include="AudioManager.h">
      <Filter>Header Files\Manager</Filter>
    </ClInclude>
  </ItemGroup>
  <ItemGroup>
    <ResourceCompile Include="CastleVania.rc">
      <Filter>Resource Files</Filter>
    </ResourceCompile>
  </ItemGroup>
  <ItemGroup>
    <ClCompile Include="Stuff.cpp">
      <Filter>Source Files</Filter>
    </ClCompile>
    <ClCompile Include="TestState.cpp">
      <Filter>Source Files</Filter>
    </ClCompile>
    <ClCompile Include="TestStateCastleVania.cpp">
      <Filter>Source Files</Filter>
    </ClCompile>
    <ClCompile Include="TileBase.cpp">
      <Filter>Source Files</Filter>
    </ClCompile>
    <ClCompile Include="TripleShot.cpp">
      <Filter>Source Files</Filter>
    </ClCompile>
    <ClCompile Include="WhipUpgradeItem.cpp">
      <Filter>Source Files</Filter>
    </ClCompile>
    <ClCompile Include="AxeItem.cpp">
      <Filter>Source Files</Filter>
    </ClCompile>
    <ClCompile Include="BoomerangItem.cpp">
      <Filter>Source Files</Filter>
    </ClCompile>
    <ClCompile Include="CharacterBase.cpp">
      <Filter>Source Files</Filter>
    </ClCompile>
    <ClCompile Include="Cross.cpp">
      <Filter>Source Files</Filter>
    </ClCompile>
    <ClCompile Include="Crown.cpp">
      <Filter>Source Files</Filter>
    </ClCompile>
    <ClCompile Include="CVAdd.cpp">
      <Filter>Source Files</Filter>
    </ClCompile>
    <ClCompile Include="CVGame.cpp">
      <Filter>Source Files</Filter>
    </ClCompile>
    <ClCompile Include="CVPreload.cpp">
      <Filter>Source Files</Filter>
    </ClCompile>
    <ClCompile Include="CVSprite.cpp">
      <Filter>Source Files</Filter>
    </ClCompile>
    <ClCompile Include="CVSpriteAnimation.cpp">
      <Filter>Source Files</Filter>
    </ClCompile>
    <ClCompile Include="CVState.cpp">
      <Filter>Source Files</Filter>
    </ClCompile>
    <ClCompile Include="DaggerItem.cpp">
      <Filter>Source Files</Filter>
    </ClCompile>
    <ClCompile Include="DoubleShot.cpp">
      <Filter>Source Files</Filter>
    </ClCompile>
    <ClCompile Include="EnemyBase.cpp">
      <Filter>Source Files</Filter>
    </ClCompile>
    <ClCompile Include="HealthBar.cpp">
      <Filter>Source Files</Filter>
    </ClCompile>
    <ClCompile Include="Heart.cpp">
      <Filter>Source Files</Filter>
    </ClCompile>
    <ClCompile Include="HeartLarger.cpp">
      <Filter>Source Files</Filter>
    </ClCompile>
    <ClCompile Include="HolyWaterItem.cpp">
      <Filter>Source Files</Filter>
    </ClCompile>
    <ClCompile Include="InfoPanel.cpp">
      <Filter>Source Files</Filter>
    </ClCompile>
    <ClCompile Include="IntroState.cpp">
      <Filter>Source Files</Filter>
    </ClCompile>
    <ClCompile Include="InvinPotion.cpp">
      <Filter>Source Files</Filter>
    </ClCompile>
    <ClCompile Include="ItemBaseAnim.cpp">
      <Filter>Source Files</Filter>
    </ClCompile>
    <ClCompile Include="ItemManager.cpp">
      <Filter>Source Files</Filter>
    </ClCompile>
    <ClCompile Include="Main.cpp">
      <Filter>Source Files</Filter>
    </ClCompile>
    <ClCompile Include="MoneyBag100.cpp">
      <Filter>Source Files</Filter>
    </ClCompile>
    <ClCompile Include="MoneyBag400.cpp">
      <Filter>Source Files</Filter>
    </ClCompile>
    <ClCompile Include="MoneyBag700.cpp">
      <Filter>Source Files</Filter>
    </ClCompile>
    <ClCompile Include="MoneyBag1000.cpp">
      <Filter>Source Files</Filter>
    </ClCompile>
    <ClCompile Include="PotRoast.cpp">
      <Filter>Source Files</Filter>
    </ClCompile>
    <ClCompile Include="Simon.cpp">
      <Filter>Source Files</Filter>
    </ClCompile>
    <ClCompile Include="StaticTile.cpp">
      <Filter>Source Files</Filter>
    </ClCompile>
    <ClCompile Include="StopWatch.cpp">
      <Filter>Source Files</Filter>
    </ClCompile>
    <ClCompile Include="StoryState.cpp">
      <Filter>Source Files</Filter>
    </ClCompile>
    <ClCompile Include="WEAPONBASE.CPP">
      <Filter>Source Files</Filter>
    </ClCompile>
    <ClCompile Include="ItemBase.cpp">
      <Filter>Source Files</Filter>
    </ClCompile>
    <ClCompile Include="WeaponManager.cpp">
      <Filter>Source Files</Filter>
    </ClCompile>
    <ClCompile Include="WeaponDagger.cpp">
      <Filter>Source Files</Filter>
    </ClCompile>
    <ClCompile Include="WeaponAxe.cpp">
      <Filter>Source Files</Filter>
    </ClCompile>
    <ClCompile Include="WeaponHolyWater.cpp">
      <Filter>Source Files</Filter>
    </ClCompile>
    <ClCompile Include="WeaponBoomerang.cpp">
      <Filter>Source Files</Filter>
    </ClCompile>
    <ClCompile Include="WeaponStopWatch.cpp">
      <Filter>Source Files</Filter>
    </ClCompile>
    <ClCompile Include="WeaponWhip.cpp">
      <Filter>Source Files</Filter>
    </ClCompile>
    <ClCompile Include="Factory.cpp">
      <Filter>Source Files</Filter>
    </ClCompile>
    <ClCompile Include="TileBrick.cpp">
      <Filter>Source Files</Filter>
    </ClCompile>
    <ClCompile Include="StaticTIleManager.cpp">
      <Filter>Source Files</Filter>
    </ClCompile>
    <ClCompile Include="CVMap.cpp">
      <Filter>Source Files</Filter>
    </ClCompile>
    <ClCompile Include="AnimationManager.cpp">
      <Filter>Source Files</Filter>
    </ClCompile>
    <ClCompile Include="ManagerBase.cpp">
      <Filter>Source Files</Filter>
    </ClCompile>
    <ClCompile Include="Candle.cpp">
      <Filter>Source Files</Filter>
    </ClCompile>
    <ClCompile Include="BreakableObjectBase.cpp">
      <Filter>Source Files</Filter>
    </ClCompile>
    <ClCompile Include="TileLadder.cpp">
      <Filter>Source Files</Filter>
    </ClCompile>
    <ClCompile Include="SimonGroup.cpp">
      <Filter>Source Files</Filter>
    </ClCompile>
    <ClCompile Include="GameOverScreen.cpp">
      <Filter>Source Files</Filter>
    </ClCompile>
    <ClCompile Include="CVCamera.cpp">
      <Filter>Source Files</Filter>
    </ClCompile>
    <ClCompile Include="CVBlock.cpp">
      <Filter>Source Files</Filter>
    </ClCompile>
    <ClCompile Include="CVStage.cpp">
      <Filter>Source Files</Filter>
    </ClCompile>
    <ClCompile Include="Door.cpp">
      <Filter>Source Files</Filter>
    </ClCompile>
    <ClCompile Include="BreakableTileBrick.cpp">
      <Filter>Source Files</Filter>
    </ClCompile>
    <ClCompile Include="WalkingEnemyBase.cpp">
      <Filter>Source Files</Filter>
    </ClCompile>
    <ClCompile Include="EnemyManager.cpp">
      <Filter>Source Files</Filter>
    </ClCompile>
    <ClCompile Include="EnemyGroup.cpp">
      <Filter>Source Files</Filter>
    </ClCompile>
    <ClCompile Include="AxeKnight.cpp">
      <Filter>Source Files</Filter>
    </ClCompile>
    <ClCompile Include="TweenEnemyBase.cpp">
      <Filter>Source Files</Filter>
    </ClCompile>
    <ClCompile Include="DropObjectBase.cpp">
      <Filter>Source Files</Filter>
    </ClCompile>
    <ClCompile Include="BatEnemy.cpp">
      <Filter>Source Files</Filter>
    </ClCompile>
    <ClCompile Include="AI6.cpp">
      <Filter>Source Files</Filter>
    </ClCompile>
    <ClCompile Include="AI7.cpp">
      <Filter>Source Files</Filter>
    </ClCompile>
    <ClCompile Include="Ghost.cpp">
      <Filter>Source Files</Filter>
    </ClCompile>
    <ClCompile Include="MedusaHead.cpp">
      <Filter>Source Files</Filter>
    </ClCompile>
    <ClCompile Include="BonePillar.cpp">
      <Filter>Source Files</Filter>
    </ClCompile>
    <ClCompile Include="EnemySkillBase.cpp">
      <Filter>Source Files</Filter>
    </ClCompile>
    <ClCompile Include="EnemySkillFire.cpp">
      <Filter>Source Files</Filter>
    </ClCompile>
    <ClCompile Include="ShootingEnemyBase.cpp">
      <Filter>Source Files</Filter>
    </ClCompile>
    <ClCompile Include="Medusa.cpp">
      <Filter>Source Files</Filter>
    </ClCompile>
    <ClCompile Include="MedusaSkill.cpp">
      <Filter>Source Files</Filter>
    </ClCompile>
    <ClCompile Include="Skeleton.cpp">
      <Filter>Source Files</Filter>
    </ClCompile>
    <ClCompile Include="SkeletonSkill.cpp">
      <Filter>Source Files</Filter>
    </ClCompile>
    <ClCompile Include="AudioManager.cpp">
      <Filter>Source Files</Filter>
    </ClCompile>
    <ClCompile Include="CVAudio.cpp">
      <Filter>Source Files</Filter>
    </ClCompile>
    <ClCompile Include="Raven.cpp">
      <Filter>Source Files</Filter>
    </ClCompile>
    <ClCompile Include="Monkey.cpp">
      <Filter>Source Files</Filter>
    </ClCompile>
  </ItemGroup>
  <ItemGroup>
    <None Include="ClassDiagram.cd" />
  </ItemGroup>
</Project>