<?xml version="1.0" encoding="utf-8"?>
<Project ToolsVersion="4.0" xmlns="http://schemas.microsoft.com/developer/msbuild/2003">
  <ItemGroup>
    <Filter Include="Source Files">
      <UniqueIdentifier>{4FC737F1-C7A5-4376-A066-2A32D752A2FF}</UniqueIdentifier>
      <Extensions>cpp;c;cc;cxx;def;odl;idl;hpj;bat;asm;asmx</Extensions>
    </Filter>
    <Filter Include="Header Files">
      <UniqueIdentifier>{93995380-89BD-4b04-88EB-625FBE52EBFB}</UniqueIdentifier>
      <Extensions>h;hh;hpp;hxx;hm;inl;inc;xsd</Extensions>
    </Filter>
    <Filter Include="Resource Files">
      <UniqueIdentifier>{67DA6AB6-F800-4c08-8B7A-83BB121AAD01}</UniqueIdentifier>
      <Extensions>rc;ico;cur;bmp;dlg;rc2;rct;bin;rgs;gif;jpg;jpeg;jpe;resx;tiff;tif;png;wav;mfcribbon-ms</Extensions>
    </Filter>
  </ItemGroup>
  <ItemGroup>
    <Text Include="ReadMe.txt" />
  </ItemGroup>
  <ItemGroup>
    <ClCompile Include="..\ggEngine\ggEngine\Add.cpp">
      <Filter>Header Files</Filter>
    </ClCompile>
    <ClCompile Include="..\ggEngine\ggEngine\Animator.cpp">
      <Filter>Header Files</Filter>
    </ClCompile>
    <ClCompile Include="..\ggEngine\ggEngine\Body.cpp">
      <Filter>Header Files</Filter>
    </ClCompile>
    <ClCompile Include="..\ggEngine\ggEngine\Cache.cpp">
      <Filter>Header Files</Filter>
    </ClCompile>
    <ClCompile Include="..\ggEngine\ggEngine\Camera.cpp">
      <Filter>Header Files</Filter>
    </ClCompile>
    <ClCompile Include="..\ggEngine\ggEngine\Circle.cpp">
      <Filter>Header Files</Filter>
    </ClCompile>
    <ClCompile Include="..\ggEngine\ggEngine\ColliderArg.cpp">
      <Filter>Header Files</Filter>
    </ClCompile>
    <ClCompile Include="..\ggEngine\ggEngine\D3DManager.cpp">
      <Filter>Header Files</Filter>
    </ClCompile>
    <ClCompile Include="..\ggEngine\ggEngine\Debug.cpp">
      <Filter>Header Files</Filter>
    </ClCompile>
    <ClCompile Include="..\ggEngine\ggEngine\DrawManager.cpp">
      <Filter>Header Files</Filter>
    </ClCompile>
    <ClCompile Include="..\ggEngine\ggEngine\DrawObject.cpp">
      <Filter>Header Files</Filter>
    </ClCompile>
    <ClCompile Include="..\ggEngine\ggEngine\DXInput.cpp">
      <Filter>Header Files</Filter>
    </ClCompile>
    <ClCompile Include="..\ggEngine\ggEngine\EventManager.cpp">
      <Filter>Header Files</Filter>
    </ClCompile>
    <ClCompile Include="..\ggEngine\ggEngine\Events.cpp">
      <Filter>Header Files</Filter>
    </ClCompile>
    <ClCompile Include="..\ggEngine\ggEngine\Font.cpp">
      <Filter>Header Files</Filter>
    </ClCompile>
    <ClCompile Include="..\ggEngine\ggEngine\Game.cpp">
      <Filter>Header Files</Filter>
    </ClCompile>
    <ClCompile Include="..\ggEngine\ggEngine\GameObject.cpp">
      <Filter>Header Files</Filter>
    </ClCompile>
    <ClCompile Include="..\ggEngine\ggEngine\Group.cpp">
      <Filter>Header Files</Filter>
    </ClCompile>
    <ClCompile Include="..\ggEngine\ggEngine\Helper.cpp">
      <Filter>Header Files</Filter>
    </ClCompile>
    <ClCompile Include="..\ggEngine\ggEngine\Input.cpp">
      <Filter>Header Files</Filter>
    </ClCompile>
    <ClCompile Include="..\ggEngine\ggEngine\Main.cpp">
      <Filter>Header Files</Filter>
    </ClCompile>
    <ClCompile Include="..\ggEngine\ggEngine\Matrix.cpp">
      <Filter>Header Files</Filter>
    </ClCompile>
    <ClCompile Include="..\ggEngine\ggEngine\MenuState.cpp">
      <Filter>Header Files</Filter>
    </ClCompile>
    <ClCompile Include="..\ggEngine\ggEngine\Physics.cpp">
      <Filter>Header Files</Filter>
    </ClCompile>
    <ClCompile Include="..\ggEngine\ggEngine\PingPongState.cpp">
      <Filter>Header Files</Filter>
    </ClCompile>
    <ClCompile Include="..\ggEngine\ggEngine\Preload.cpp">
      <Filter>Header Files</Filter>
    </ClCompile>
    <ClCompile Include="..\ggEngine\ggEngine\Rectangle.cpp">
      <Filter>Header Files</Filter>
    </ClCompile>
    <ClCompile Include="..\ggEngine\ggEngine\Sound.cpp">
      <Filter>Header Files</Filter>
    </ClCompile>
    <ClCompile Include="..\ggEngine\ggEngine\Sprite.cpp">
      <Filter>Header Files</Filter>
    </ClCompile>
    <ClCompile Include="..\ggEngine\ggEngine\SpriteAnimation.cpp">
      <Filter>Header Files</Filter>
    </ClCompile>
    <ClCompile Include="..\ggEngine\ggEngine\SpriteInfo.cpp">
      <Filter>Header Files</Filter>
    </ClCompile>
    <ClCompile Include="..\ggEngine\ggEngine\State.cpp">
      <Filter>Header Files</Filter>
    </ClCompile>
    <ClCompile Include="..\ggEngine\ggEngine\StateManager.cpp">
      <Filter>Header Files</Filter>
    </ClCompile>
    <ClCompile Include="..\ggEngine\ggEngine\TestState.cpp">
      <Filter>Header Files</Filter>
    </ClCompile>
    <ClCompile Include="..\ggEngine\ggEngine\Text.cpp">
      <Filter>Header Files</Filter>
    </ClCompile>
    <ClCompile Include="..\ggEngine\ggEngine\Texture.cpp">
      <Filter>Header Files</Filter>
    </ClCompile>
    <ClCompile Include="..\ggEngine\ggEngine\Timer.cpp">
      <Filter>Header Files</Filter>
    </ClCompile>
    <ClCompile Include="..\ggEngine\ggEngine\Vector.cpp">
      <Filter>Header Files</Filter>
    </ClCompile>
    <ClCompile Include="..\ggEngine\ggEngine\Vector3.cpp">
      <Filter>Header Files</Filter>
    </ClCompile>
    <ClCompile Include="..\ggEngine\ggEngine\Window.cpp">
      <Filter>Header Files</Filter>
    </ClCompile>
    <ClCompile Include="..\ggEngine\ggEngine\World.cpp">
      <Filter>Header Files</Filter>
    </ClCompile>
    <ClCompile Include="..\ggEngine\ggEngine\XML.cpp">
      <Filter>Header Files</Filter>
    </ClCompile>
  </ItemGroup>
  <ItemGroup>
    <ClInclude Include="..\ggEngine\ggEngine\Add.h">
      <Filter>Header Files</Filter>
    </ClInclude>
    <ClInclude Include="..\ggEngine\ggEngine\Animator.h">
      <Filter>Header Files</Filter>
    </ClInclude>
    <ClInclude Include="..\ggEngine\ggEngine\Body.h">
      <Filter>Header Files</Filter>
    </ClInclude>
    <ClInclude Include="..\ggEngine\ggEngine\Cache.h">
      <Filter>Header Files</Filter>
    </ClInclude>
    <ClInclude Include="..\ggEngine\ggEngine\Camera.h">
      <Filter>Header Files</Filter>
    </ClInclude>
    <ClInclude Include="..\ggEngine\ggEngine\Circle.h">
      <Filter>Header Files</Filter>
    </ClInclude>
    <ClInclude Include="..\ggEngine\ggEngine\ColliderArg.h">
      <Filter>Header Files</Filter>
    </ClInclude>
    <ClInclude Include="..\ggEngine\ggEngine\ConstantEnum.h">
      <Filter>Header Files</Filter>
    </ClInclude>
    <ClInclude Include="..\ggEngine\ggEngine\D3DManager.h">
      <Filter>Header Files</Filter>
    </ClInclude>
    <ClInclude Include="..\ggEngine\ggEngine\Debug.h">
      <Filter>Header Files</Filter>
    </ClInclude>
    <ClInclude Include="..\ggEngine\ggEngine\Direction.h">
      <Filter>Header Files</Filter>
    </ClInclude>
    <ClInclude Include="..\ggEngine\ggEngine\DrawManager.h">
      <Filter>Header Files</Filter>
    </ClInclude>
    <ClInclude Include="..\ggEngine\ggEngine\DrawObject.h">
      <Filter>Header Files</Filter>
    </ClInclude>
    <ClInclude Include="..\ggEngine\ggEngine\DXInput.h">
      <Filter>Header Files</Filter>
    </ClInclude>
    <ClInclude Include="..\ggEngine\ggEngine\EventArg.h">
      <Filter>Header Files</Filter>
    </ClInclude>
    <ClInclude Include="..\ggEngine\ggEngine\EventManager.h">
      <Filter>Header Files</Filter>
    </ClInclude>
    <ClInclude Include="..\ggEngine\ggEngine\Events.h">
      <Filter>Header Files</Filter>
    </ClInclude>
    <ClInclude Include="..\ggEngine\ggEngine\Font.h">
      <Filter>Header Files</Filter>
    </ClInclude>
    <ClInclude Include="..\ggEngine\ggEngine\Game.h">
      <Filter>Header Files</Filter>
    </ClInclude>
    <ClInclude Include="..\ggEngine\ggEngine\GameObject.h">
      <Filter>Header Files</Filter>
    </ClInclude>
    <ClInclude Include="..\ggEngine\ggEngine\ggEngine.h">
      <Filter>Header Files</Filter>
    </ClInclude>
    <ClInclude Include="..\ggEngine\ggEngine\GGObject.h">
      <Filter>Header Files</Filter>
    </ClInclude>
    <ClInclude Include="..\ggEngine\ggEngine\Group.h">
      <Filter>Header Files</Filter>
    </ClInclude>
    <ClInclude Include="..\ggEngine\ggEngine\Helper.h">
      <Filter>Header Files</Filter>
    </ClInclude>
    <ClInclude Include="..\ggEngine\ggEngine\IGetGroup.h">
      <Filter>Header Files</Filter>
    </ClInclude>
    <ClInclude Include="..\ggEngine\ggEngine\Input.h">
      <Filter>Header Files</Filter>
    </ClInclude>
    <ClInclude Include="..\ggEngine\ggEngine\KeyBoardEventArg.h">
      <Filter>Header Files</Filter>
    </ClInclude>
    <ClInclude Include="..\ggEngine\ggEngine\Matrix.h">
      <Filter>Header Files</Filter>
    </ClInclude>
    <ClInclude Include="..\ggEngine\ggEngine\MenuState.h">
      <Filter>Header Files</Filter>
    </ClInclude>
    <ClInclude Include="..\ggEngine\ggEngine\MouseEventArg.h">
      <Filter>Header Files</Filter>
    </ClInclude>
    <ClInclude Include="..\ggEngine\ggEngine\Physics.h">
      <Filter>Header Files</Filter>
    </ClInclude>
    <ClInclude Include="..\ggEngine\ggEngine\PingPongState.h">
      <Filter>Header Files</Filter>
    </ClInclude>
    <ClInclude Include="..\ggEngine\ggEngine\Preload.h">
      <Filter>Header Files</Filter>
    </ClInclude>
    <ClInclude Include="..\ggEngine\ggEngine\Rectangle.h">
      <Filter>Header Files</Filter>
    </ClInclude>
    <ClInclude Include="..\ggEngine\ggEngine\Shape.h">
      <Filter>Header Files</Filter>
    </ClInclude>
    <ClInclude Include="..\ggEngine\ggEngine\Sound.h">
      <Filter>Header Files</Filter>
    </ClInclude>
    <ClInclude Include="..\ggEngine\ggEngine\Sprite.h">
      <Filter>Header Files</Filter>
    </ClInclude>
    <ClInclude Include="..\ggEngine\ggEngine\SpriteAnimation.h">
      <Filter>Header Files</Filter>
    </ClInclude>
    <ClInclude Include="..\ggEngine\ggEngine\SpriteInfo.h">
      <Filter>Header Files</Filter>
    </ClInclude>
    <ClInclude Include="..\ggEngine\ggEngine\SpriteType.h">
      <Filter>Header Files</Filter>
    </ClInclude>
    <ClInclude Include="..\ggEngine\ggEngine\State.h">
      <Filter>Header Files</Filter>
    </ClInclude>
    <ClInclude Include="..\ggEngine\ggEngine\StateManager.h">
      <Filter>Header Files</Filter>
    </ClInclude>
    <ClInclude Include="..\ggEngine\ggEngine\TestState.h">
      <Filter>Header Files</Filter>
    </ClInclude>
    <ClInclude Include="..\ggEngine\ggEngine\Text.h">
      <Filter>Header Files</Filter>
    </ClInclude>
    <ClInclude Include="..\ggEngine\ggEngine\Texture.h">
      <Filter>Header Files</Filter>
    </ClInclude>
    <ClInclude Include="..\ggEngine\ggEngine\Timer.h">
      <Filter>Header Files</Filter>
    </ClInclude>
    <ClInclude Include="..\ggEngine\ggEngine\Vector.h">
      <Filter>Header Files</Filter>
    </ClInclude>
    <ClInclude Include="..\ggEngine\ggEngine\Vector3.h">
      <Filter>Header Files</Filter>
    </ClInclude>
    <ClInclude Include="..\ggEngine\ggEngine\Window.h">
      <Filter>Header Files</Filter>
    </ClInclude>
    <ClInclude Include="..\ggEngine\ggEngine\World.h">
      <Filter>Header Files</Filter>
    </ClInclude>
    <ClInclude Include="..\ggEngine\ggEngine\XML.h">
      <Filter>Header Files</Filter>
    </ClInclude>
  </ItemGroup>
  <ItemGroup>
    <Image Include="..\ggEngine\ggEngine\default.bmp">
      <Filter>Header Files</Filter>
    </Image>
  </ItemGroup>
  <ItemGroup>
    <None Include="..\ggEngine\ggEngine\ggEngine.vcxproj.filters">
      <Filter>Header Files</Filter>
    </None>
  </ItemGroup>
</Project>